
Microsoft Visual Studio Solution File, Format Version 12.00
# Visual Studio Version 17
VisualStudioVersion = 17.1.32210.238
MinimumVisualStudioVersion = 10.0.40219.1
Project("{FAE04EC0-301F-11D3-BF4B-00C04F79EFBC}") = "Lab1", "Lab1\Lab1.csproj", "{CE5E3E70-F670-40BC-9C3D-D22B2A723226}"
EndProject
Global
	GlobalSection(SolutionConfigurationPlatforms) = preSolution
		Debug|Any CPU = Debug|Any CPU
		Release|Any CPU = Release|Any CPU
	EndGlobalSection
	GlobalSection(ProjectConfigurationPlatforms) = postSolution
		{CE5E3E70-F670-40BC-9C3D-D22B2A723226}.Debug|Any CPU.ActiveCfg = Debug|Any CPU
		{CE5E3E70-F670-40BC-9C3D-D22B2A723226}.Debug|Any CPU.Build.0 = Debug|Any CPU
		{CE5E3E70-F670-40BC-9C3D-D22B2A723226}.Release|Any CPU.ActiveCfg = Release|Any CPU
		{CE5E3E70-F670-40BC-9C3D-D22B2A723226}.Release|Any CPU.Build.0 = Release|Any CPU
	EndGlobalSection
	GlobalSection(SolutionProperties) = preSolution
		HideSolutionNode = FALSE
	EndGlobalSection
	GlobalSection(ExtensibilityGlobals) = postSolution
		SolutionGuid = {1A71A89D-E92E-488D-BD25-0FF917A36F69}
	EndGlobalSection
EndGlobal
